
Microsoft Visual Studio Solution File, Format Version 12.00
# Visual Studio 15
VisualStudioVersion = 15.0.28010.2003
MinimumVisualStudioVersion = 10.0.40219.1
Project("{FAE04EC0-301F-11D3-BF4B-00C04F79EFBC}") = "PflStoreProject", "PflStoreProject\PflStoreProject.csproj", "{6076841C-D90F-44C3-B64A-E032066564A7}"
EndProject
Global
	GlobalSection(SolutionConfigurationPlatforms) = preSolution
		Debug|Any CPU = Debug|Any CPU
		Release|Any CPU = Release|Any CPU
	EndGlobalSection
	GlobalSection(ProjectConfigurationPlatforms) = postSolution
		{6076841C-D90F-44C3-B64A-E032066564A7}.Debug|Any CPU.ActiveCfg = Debug|Any CPU
		{6076841C-D90F-44C3-B64A-E032066564A7}.Debug|Any CPU.Build.0 = Debug|Any CPU
		{6076841C-D90F-44C3-B64A-E032066564A7}.Release|Any CPU.ActiveCfg = Release|Any CPU
		{6076841C-D90F-44C3-B64A-E032066564A7}.Release|Any CPU.Build.0 = Release|Any CPU
	EndGlobalSection
	GlobalSection(SolutionProperties) = preSolution
		HideSolutionNode = FALSE
	EndGlobalSection
	GlobalSection(ExtensibilityGlobals) = postSolution
		SolutionGuid = {DEB30513-BBDE-4D3E-9BCF-4FBEC1B1F372}
	EndGlobalSection
EndGlobal
